
Microsoft Visual Studio Solution File, Format Version 12.00
# Visual Studio Version 16
VisualStudioVersion = 16.0.30114.105
MinimumVisualStudioVersion = 10.0.40219.1
Project("{9A19103F-16F7-4668-BE54-9A1E7A4F7556}") = "Creativity Flow", "Creativity Flow\Creativity Flow.csproj", "{EC2D1562-843F-494F-9060-CD7CD37BB1C4}"
EndProject
Project("{9A19103F-16F7-4668-BE54-9A1E7A4F7556}") = "UnitTests", "UnitTestProject1\UnitTests.csproj", "{651ADA7B-8DAE-41D5-9A74-0143702FB405}"
EndProject
Global
	GlobalSection(SolutionConfigurationPlatforms) = preSolution
		Debug|Any CPU = Debug|Any CPU
		Release|Any CPU = Release|Any CPU
	EndGlobalSection
	GlobalSection(ProjectConfigurationPlatforms) = postSolution
		{EC2D1562-843F-494F-9060-CD7CD37BB1C4}.Debug|Any CPU.ActiveCfg = Debug|Any CPU
		{EC2D1562-843F-494F-9060-CD7CD37BB1C4}.Debug|Any CPU.Build.0 = Debug|Any CPU
		{EC2D1562-843F-494F-9060-CD7CD37BB1C4}.Release|Any CPU.ActiveCfg = Release|Any CPU
		{EC2D1562-843F-494F-9060-CD7CD37BB1C4}.Release|Any CPU.Build.0 = Release|Any CPU
		{651ADA7B-8DAE-41D5-9A74-0143702FB405}.Debug|Any CPU.ActiveCfg = Debug|Any CPU
		{651ADA7B-8DAE-41D5-9A74-0143702FB405}.Debug|Any CPU.Build.0 = Debug|Any CPU
		{651ADA7B-8DAE-41D5-9A74-0143702FB405}.Release|Any CPU.ActiveCfg = Release|Any CPU
		{651ADA7B-8DAE-41D5-9A74-0143702FB405}.Release|Any CPU.Build.0 = Release|Any CPU
	EndGlobalSection
	GlobalSection(SolutionProperties) = preSolution
		HideSolutionNode = FALSE
	EndGlobalSection
	GlobalSection(ExtensibilityGlobals) = postSolution
		SolutionGuid = {B539CD59-9515-435A-9B20-2211BDFAC84A}
	EndGlobalSection
EndGlobal
